
Microsoft Visual Studio Solution File, Format Version 12.00
# Visual Studio 2013
VisualStudioVersion = 12.0.30723.0
MinimumVisualStudioVersion = 10.0.40219.1
Project("{FAE04EC0-301F-11D3-BF4B-00C04F79EFBC}") = "Aelena.Extensions", "Aelena.Extensions\Aelena.Extensions.csproj", "{397855DF-FCCA-4A5D-AA64-87C168BBC745}"
EndProject
Project("{FAE04EC0-301F-11D3-BF4B-00C04F79EFBC}") = "Aelena.Extensions.Tests", "Aelena.Extensions.Tests\Aelena.Extensions.Tests.csproj", "{293D3C60-02A7-47BB-A38D-AFB5CAF5BC92}"
EndProject
Global
	GlobalSection(SolutionConfigurationPlatforms) = preSolution
		Debug|Any CPU = Debug|Any CPU
		Release|Any CPU = Release|Any CPU
	EndGlobalSection
	GlobalSection(ProjectConfigurationPlatforms) = postSolution
		{397855DF-FCCA-4A5D-AA64-87C168BBC745}.Debug|Any CPU.ActiveCfg = Debug|Any CPU
		{397855DF-FCCA-4A5D-AA64-87C168BBC745}.Debug|Any CPU.Build.0 = Debug|Any CPU
		{397855DF-FCCA-4A5D-AA64-87C168BBC745}.Release|Any CPU.ActiveCfg = Release|Any CPU
		{397855DF-FCCA-4A5D-AA64-87C168BBC745}.Release|Any CPU.Build.0 = Release|Any CPU
		{293D3C60-02A7-47BB-A38D-AFB5CAF5BC92}.Debug|Any CPU.ActiveCfg = Debug|Any CPU
		{293D3C60-02A7-47BB-A38D-AFB5CAF5BC92}.Debug|Any CPU.Build.0 = Debug|Any CPU
		{293D3C60-02A7-47BB-A38D-AFB5CAF5BC92}.Release|Any CPU.ActiveCfg = Release|Any CPU
		{293D3C60-02A7-47BB-A38D-AFB5CAF5BC92}.Release|Any CPU.Build.0 = Release|Any CPU
	EndGlobalSection
	GlobalSection(SolutionProperties) = preSolution
		HideSolutionNode = FALSE
	EndGlobalSection
EndGlobal
